// !$*UTF8*$!
{
	archiveVersion = 1;
	classes = {
	};
	objectVersion = 55;
	objects = {

/* Begin PBXBuildFile section */
		650AB2602A1D1B2800FA2A6E /* WABaseInfoView.swift in Sources */ = {isa = PBXBuildFile; fileRef = 650AB25F2A1D1B2800FA2A6E /* WABaseInfoView.swift */; };
		6565D1EB2A39F58E0045273E /* StepsView.swift in Sources */ = {isa = PBXBuildFile; fileRef = 6565D1EA2A39F58E0045273E /* StepsView.swift */; };
		6565D1F02A39F7270045273E /* WABarsView.swift in Sources */ = {isa = PBXBuildFile; fileRef = 6565D1EF2A39F7270045273E /* WABarsView.swift */; };
		6565D1F52A39F9970045273E /* WABarView.swift in Sources */ = {isa = PBXBuildFile; fileRef = 6565D1F42A39F9970045273E /* WABarView.swift */; };
		657F8F1B2A2270120019B835 /* TimerView.swift in Sources */ = {isa = PBXBuildFile; fileRef = 657F8F1A2A2270120019B835 /* TimerView.swift */; };
		657F8F1D2A22703E0019B835 /* ProgressView.swift in Sources */ = {isa = PBXBuildFile; fileRef = 657F8F1C2A22703E0019B835 /* ProgressView.swift */; };
		658B0CBF2A38B5C2000E9087 /* StatsView.swift in Sources */ = {isa = PBXBuildFile; fileRef = 658B0CBE2A38B5C2000E9087 /* StatsView.swift */; };
		658B0CC22A38B620000E9087 /* StatsItemView.swift in Sources */ = {isa = PBXBuildFile; fileRef = 658B0CC12A38B620000E9087 /* StatsItemView.swift */; };
		6590F2EE2A34A01C00A9568B /* PercentView.swift in Sources */ = {isa = PBXBuildFile; fileRef = 6590F2ED2A34A01C00A9568B /* PercentView.swift */; };
		6597185B2A12908600336041 /* OverviewNavBar.swift in Sources */ = {isa = PBXBuildFile; fileRef = 6597185A2A12908600336041 /* OverviewNavBar.swift */; };
		6597185D2A1290EF00336041 /* WABaseView.swift in Sources */ = {isa = PBXBuildFile; fileRef = 6597185C2A1290EF00336041 /* WABaseView.swift */; };
		65A29B2329FBE73E00BFEC58 /* AppDelegate.swift in Sources */ = {isa = PBXBuildFile; fileRef = 65A29B2229FBE73E00BFEC58 /* AppDelegate.swift */; };
		65A29B2529FBE73E00BFEC58 /* SceneDelegate.swift in Sources */ = {isa = PBXBuildFile; fileRef = 65A29B2429FBE73E00BFEC58 /* SceneDelegate.swift */; };
		65A29B2729FBE73E00BFEC58 /* OverviewController.swift in Sources */ = {isa = PBXBuildFile; fileRef = 65A29B2629FBE73E00BFEC58 /* OverviewController.swift */; };
		65A29B2C29FBE73F00BFEC58 /* Assets.xcassets in Resources */ = {isa = PBXBuildFile; fileRef = 65A29B2B29FBE73F00BFEC58 /* Assets.xcassets */; };
		65A29B2F29FBE73F00BFEC58 /* LaunchScreen.storyboard in Resources */ = {isa = PBXBuildFile; fileRef = 65A29B2D29FBE73F00BFEC58 /* LaunchScreen.storyboard */; };
		65A29B3929FBEAD100BFEC58 /* TabBarController.swift in Sources */ = {isa = PBXBuildFile; fileRef = 65A29B3829FBEAD100BFEC58 /* TabBarController.swift */; };
		65A29B4029FBFAC300BFEC58 /* UIColor + ext.swift in Sources */ = {isa = PBXBuildFile; fileRef = 65A29B3F29FBFAC300BFEC58 /* UIColor + ext.swift */; };
		65A29B4229FBFE0500BFEC58 /* Resourses.swift in Sources */ = {isa = PBXBuildFile; fileRef = 65A29B4129FBFE0500BFEC58 /* Resourses.swift */; };
		65B4423E2A3B2DAD00414622 /* DailyPerfermanceView.swift in Sources */ = {isa = PBXBuildFile; fileRef = 65B4423D2A3B2DAD00414622 /* DailyPerfermanceView.swift */; };
		65B8AC8C29FFF6950086D7B5 /* NavBarController.swift in Sources */ = {isa = PBXBuildFile; fileRef = 65B8AC8B29FFF6950086D7B5 /* NavBarController.swift */; };
		65B8AC9029FFFBE60086D7B5 /* WABaseController.swift in Sources */ = {isa = PBXBuildFile; fileRef = 65B8AC8F29FFFBE60086D7B5 /* WABaseController.swift */; };
		65B8AC9229FFFE3F0086D7B5 /* UIView + ext.swift in Sources */ = {isa = PBXBuildFile; fileRef = 65B8AC9129FFFE3F0086D7B5 /* UIView + ext.swift */; };
		65B8AC992A0000A00086D7B5 /* SessionController.swift in Sources */ = {isa = PBXBuildFile; fileRef = 65B8AC982A0000A00086D7B5 /* SessionController.swift */; };
		65B8AC9B2A000BEF0086D7B5 /* ProgressController.swift in Sources */ = {isa = PBXBuildFile; fileRef = 65B8AC9A2A000BEF0086D7B5 /* ProgressController.swift */; };
		65B8AC9D2A000C140086D7B5 /* SettingsController.swift in Sources */ = {isa = PBXBuildFile; fileRef = 65B8AC9C2A000C140086D7B5 /* SettingsController.swift */; };
		65E225342A096CB4006DC6C1 /* WAButton.swift in Sources */ = {isa = PBXBuildFile; fileRef = 65E225332A096CB4006DC6C1 /* WAButton.swift */; };
		65FF276B2A1535F800859125 /* WeekView.swift in Sources */ = {isa = PBXBuildFile; fileRef = 65FF276A2A1535F800859125 /* WeekView.swift */; };
		65FF276D2A15380F00859125 /* WeekDayView.swift in Sources */ = {isa = PBXBuildFile; fileRef = 65FF276C2A15380F00859125 /* WeekDayView.swift */; };
		65FF276F2A15422200859125 /* Date + ext.swift in Sources */ = {isa = PBXBuildFile; fileRef = 65FF276E2A15422200859125 /* Date + ext.swift */; };
/* End PBXBuildFile section */

/* Begin PBXFileReference section */
		650AB25F2A1D1B2800FA2A6E /* WABaseInfoView.swift */ = {isa = PBXFileReference; lastKnownFileType = sourcecode.swift; path = WABaseInfoView.swift; sourceTree = "<group>"; };
		6565D1EA2A39F58E0045273E /* StepsView.swift */ = {isa = PBXFileReference; lastKnownFileType = sourcecode.swift; path = StepsView.swift; sourceTree = "<group>"; };
		6565D1EF2A39F7270045273E /* WABarsView.swift */ = {isa = PBXFileReference; lastKnownFileType = sourcecode.swift; path = WABarsView.swift; sourceTree = "<group>"; };
		6565D1F42A39F9970045273E /* WABarView.swift */ = {isa = PBXFileReference; lastKnownFileType = sourcecode.swift; path = WABarView.swift; sourceTree = "<group>"; };
		657F8F1A2A2270120019B835 /* TimerView.swift */ = {isa = PBXFileReference; lastKnownFileType = sourcecode.swift; path = TimerView.swift; sourceTree = "<group>"; };
		657F8F1C2A22703E0019B835 /* ProgressView.swift */ = {isa = PBXFileReference; lastKnownFileType = sourcecode.swift; path = ProgressView.swift; sourceTree = "<group>"; };
		658B0CBE2A38B5C2000E9087 /* StatsView.swift */ = {isa = PBXFileReference; lastKnownFileType = sourcecode.swift; path = StatsView.swift; sourceTree = "<group>"; };
		658B0CC12A38B620000E9087 /* StatsItemView.swift */ = {isa = PBXFileReference; lastKnownFileType = sourcecode.swift; path = StatsItemView.swift; sourceTree = "<group>"; };
		6590F2ED2A34A01C00A9568B /* PercentView.swift */ = {isa = PBXFileReference; lastKnownFileType = sourcecode.swift; path = PercentView.swift; sourceTree = "<group>"; };
		6597185A2A12908600336041 /* OverviewNavBar.swift */ = {isa = PBXFileReference; lastKnownFileType = sourcecode.swift; path = OverviewNavBar.swift; sourceTree = "<group>"; };
		6597185C2A1290EF00336041 /* WABaseView.swift */ = {isa = PBXFileReference; lastKnownFileType = sourcecode.swift; path = WABaseView.swift; sourceTree = "<group>"; };
		65A29B1F29FBE73E00BFEC58 /* WorkoutApp.app */ = {isa = PBXFileReference; explicitFileType = wrapper.application; includeInIndex = 0; path = WorkoutApp.app; sourceTree = BUILT_PRODUCTS_DIR; };
		65A29B2229FBE73E00BFEC58 /* AppDelegate.swift */ = {isa = PBXFileReference; lastKnownFileType = sourcecode.swift; path = AppDelegate.swift; sourceTree = "<group>"; };
		65A29B2429FBE73E00BFEC58 /* SceneDelegate.swift */ = {isa = PBXFileReference; lastKnownFileType = sourcecode.swift; path = SceneDelegate.swift; sourceTree = "<group>"; };
		65A29B2629FBE73E00BFEC58 /* OverviewController.swift */ = {isa = PBXFileReference; lastKnownFileType = sourcecode.swift; path = OverviewController.swift; sourceTree = "<group>"; };
		65A29B2B29FBE73F00BFEC58 /* Assets.xcassets */ = {isa = PBXFileReference; lastKnownFileType = folder.assetcatalog; path = Assets.xcassets; sourceTree = "<group>"; };
		65A29B2E29FBE73F00BFEC58 /* Base */ = {isa = PBXFileReference; lastKnownFileType = file.storyboard; name = Base; path = Base.lproj/LaunchScreen.storyboard; sourceTree = "<group>"; };
		65A29B3029FBE73F00BFEC58 /* Info.plist */ = {isa = PBXFileReference; lastKnownFileType = text.plist.xml; path = Info.plist; sourceTree = "<group>"; };
		65A29B3829FBEAD100BFEC58 /* TabBarController.swift */ = {isa = PBXFileReference; lastKnownFileType = sourcecode.swift; path = TabBarController.swift; sourceTree = "<group>"; };
		65A29B3F29FBFAC300BFEC58 /* UIColor + ext.swift */ = {isa = PBXFileReference; lastKnownFileType = sourcecode.swift; path = "UIColor + ext.swift"; sourceTree = "<group>"; };
		65A29B4129FBFE0500BFEC58 /* Resourses.swift */ = {isa = PBXFileReference; lastKnownFileType = sourcecode.swift; path = Resourses.swift; sourceTree = "<group>"; };
		65B4423D2A3B2DAD00414622 /* DailyPerfermanceView.swift */ = {isa = PBXFileReference; lastKnownFileType = sourcecode.swift; path = DailyPerfermanceView.swift; sourceTree = "<group>"; };
		65B8AC8B29FFF6950086D7B5 /* NavBarController.swift */ = {isa = PBXFileReference; lastKnownFileType = sourcecode.swift; path = NavBarController.swift; sourceTree = "<group>"; };
		65B8AC8F29FFFBE60086D7B5 /* WABaseController.swift */ = {isa = PBXFileReference; lastKnownFileType = sourcecode.swift; path = WABaseController.swift; sourceTree = "<group>"; };
		65B8AC9129FFFE3F0086D7B5 /* UIView + ext.swift */ = {isa = PBXFileReference; lastKnownFileType = sourcecode.swift; path = "UIView + ext.swift"; sourceTree = "<group>"; };
		65B8AC982A0000A00086D7B5 /* SessionController.swift */ = {isa = PBXFileReference; lastKnownFileType = sourcecode.swift; path = SessionController.swift; sourceTree = "<group>"; };
		65B8AC9A2A000BEF0086D7B5 /* ProgressController.swift */ = {isa = PBXFileReference; lastKnownFileType = sourcecode.swift; path = ProgressController.swift; sourceTree = "<group>"; };
		65B8AC9C2A000C140086D7B5 /* SettingsController.swift */ = {isa = PBXFileReference; lastKnownFileType = sourcecode.swift; path = SettingsController.swift; sourceTree = "<group>"; };
		65E225332A096CB4006DC6C1 /* WAButton.swift */ = {isa = PBXFileReference; lastKnownFileType = sourcecode.swift; path = WAButton.swift; sourceTree = "<group>"; };
		65FF276A2A1535F800859125 /* WeekView.swift */ = {isa = PBXFileReference; lastKnownFileType = sourcecode.swift; path = WeekView.swift; sourceTree = "<group>"; };
		65FF276C2A15380F00859125 /* WeekDayView.swift */ = {isa = PBXFileReference; lastKnownFileType = sourcecode.swift; path = WeekDayView.swift; sourceTree = "<group>"; };
		65FF276E2A15422200859125 /* Date + ext.swift */ = {isa = PBXFileReference; lastKnownFileType = sourcecode.swift; path = "Date + ext.swift"; sourceTree = "<group>"; };
/* End PBXFileReference section */

/* Begin PBXFrameworksBuildPhase section */
		65A29B1C29FBE73E00BFEC58 /* Frameworks */ = {
			isa = PBXFrameworksBuildPhase;
			buildActionMask = 2147483647;
			files = (
			);
			runOnlyForDeploymentPostprocessing = 0;
		};
/* End PBXFrameworksBuildPhase section */

/* Begin PBXGroup section */
		650AB25D2A1CEC4700FA2A6E /* Navigation */ = {
			isa = PBXGroup;
			children = (
				65A29B3829FBEAD100BFEC58 /* TabBarController.swift */,
				65B8AC8B29FFF6950086D7B5 /* NavBarController.swift */,
			);
			path = Navigation;
			sourceTree = "<group>";
		};
		650AB25E2A1D1AEE00FA2A6E /* Views */ = {
			isa = PBXGroup;
			children = (
				6565D1EC2A39F6CF0045273E /* WABarsView */,
				6597185C2A1290EF00336041 /* WABaseView.swift */,
				650AB25F2A1D1B2800FA2A6E /* WABaseInfoView.swift */,
			);
			path = Views;
			sourceTree = "<group>";
		};
		6565D1EC2A39F6CF0045273E /* WABarsView */ = {
			isa = PBXGroup;
			children = (
				6565D1F12A39F7370045273E /* Views */,
				6565D1EF2A39F7270045273E /* WABarsView.swift */,
			);
			path = WABarsView;
			sourceTree = "<group>";
		};
		6565D1F12A39F7370045273E /* Views */ = {
			isa = PBXGroup;
			children = (
				6565D1F42A39F9970045273E /* WABarView.swift */,
			);
			path = Views;
			sourceTree = "<group>";
		};
		657F8F162A226D6B0019B835 /* Views */ = {
			isa = PBXGroup;
			children = (
				657F8F192A226FD50019B835 /* Timer */,
				658B0CBD2A38B255000E9087 /* Steps */,
				658B0CBC2A38B243000E9087 /* Stats */,
			);
			path = Views;
			sourceTree = "<group>";
		};
		657F8F192A226FD50019B835 /* Timer */ = {
			isa = PBXGroup;
			children = (
				657F8F1A2A2270120019B835 /* TimerView.swift */,
				657F8F1C2A22703E0019B835 /* ProgressView.swift */,
				6590F2ED2A34A01C00A9568B /* PercentView.swift */,
			);
			path = Timer;
			sourceTree = "<group>";
		};
		658B0CBC2A38B243000E9087 /* Stats */ = {
			isa = PBXGroup;
			children = (
				658B0CC02A38B5FC000E9087 /* Views */,
				658B0CBE2A38B5C2000E9087 /* StatsView.swift */,
			);
			path = Stats;
			sourceTree = "<group>";
		};
		658B0CBD2A38B255000E9087 /* Steps */ = {
			isa = PBXGroup;
			children = (
				6565D1EA2A39F58E0045273E /* StepsView.swift */,
			);
			path = Steps;
			sourceTree = "<group>";
		};
		658B0CC02A38B5FC000E9087 /* Views */ = {
			isa = PBXGroup;
			children = (
				658B0CC12A38B620000E9087 /* StatsItemView.swift */,
			);
			path = Views;
			sourceTree = "<group>";
		};
		65A29B1629FBE73E00BFEC58 = {
			isa = PBXGroup;
			children = (
				65A29B2129FBE73E00BFEC58 /* WorkoutApp */,
				65A29B2029FBE73E00BFEC58 /* Products */,
			);
			sourceTree = "<group>";
		};
		65A29B2029FBE73E00BFEC58 /* Products */ = {
			isa = PBXGroup;
			children = (
				65A29B1F29FBE73E00BFEC58 /* WorkoutApp.app */,
			);
			name = Products;
			sourceTree = "<group>";
		};
		65A29B2129FBE73E00BFEC58 /* WorkoutApp */ = {
			isa = PBXGroup;
			children = (
				65A29B3D29FBFA6400BFEC58 /* Helpers */,
				65A29B3629FBE7D600BFEC58 /* Application */,
				65B8AC8D29FFFBA50086D7B5 /* Controllers */,
				65A29B3729FBE7FE00BFEC58 /* SupportingFiles */,
			);
			path = WorkoutApp;
			sourceTree = "<group>";
		};
		65A29B3629FBE7D600BFEC58 /* Application */ = {
			isa = PBXGroup;
			children = (
				65A29B2229FBE73E00BFEC58 /* AppDelegate.swift */,
				65A29B2429FBE73E00BFEC58 /* SceneDelegate.swift */,
			);
			path = Application;
			sourceTree = "<group>";
		};
		65A29B3729FBE7FE00BFEC58 /* SupportingFiles */ = {
			isa = PBXGroup;
			children = (
				65A29B2B29FBE73F00BFEC58 /* Assets.xcassets */,
				65A29B2D29FBE73F00BFEC58 /* LaunchScreen.storyboard */,
				65A29B3029FBE73F00BFEC58 /* Info.plist */,
			);
			path = SupportingFiles;
			sourceTree = "<group>";
		};
		65A29B3D29FBFA6400BFEC58 /* Helpers */ = {
			isa = PBXGroup;
			children = (
				65A29B3E29FBFAA300BFEC58 /* Extension */,
				65A29B4129FBFE0500BFEC58 /* Resourses.swift */,
			);
			path = Helpers;
			sourceTree = "<group>";
		};
		65A29B3E29FBFAA300BFEC58 /* Extension */ = {
			isa = PBXGroup;
			children = (
				65A29B3F29FBFAC300BFEC58 /* UIColor + ext.swift */,
				65B8AC9129FFFE3F0086D7B5 /* UIView + ext.swift */,
				65FF276E2A15422200859125 /* Date + ext.swift */,
			);
			path = Extension;
			sourceTree = "<group>";
		};
		65B4423B2A3B2D4200414622 /* Views */ = {
			isa = PBXGroup;
			children = (
				65B4423C2A3B2D5A00414622 /* Performance  */,
			);
			path = Views;
			sourceTree = "<group>";
		};
		65B4423C2A3B2D5A00414622 /* Performance  */ = {
			isa = PBXGroup;
			children = (
				65B4423D2A3B2DAD00414622 /* DailyPerfermanceView.swift */,
			);
			path = "Performance ";
			sourceTree = "<group>";
		};
		65B8AC8D29FFFBA50086D7B5 /* Controllers */ = {
			isa = PBXGroup;
			children = (
				65B8AC9529FFFFF20086D7B5 /* Session */,
				650AB25D2A1CEC4700FA2A6E /* Navigation */,
				65B8AC972A00000B0086D7B5 /* Settings */,
				65B8AC9629FFFFFF0086D7B5 /* Progress */,
				65B8AC9429FFFFE20086D7B5 /* OverView */,
				65B8AC9329FFFFD10086D7B5 /* Base */,
			);
			path = Controllers;
			sourceTree = "<group>";
		};
		65B8AC9329FFFFD10086D7B5 /* Base */ = {
			isa = PBXGroup;
			children = (
				650AB25E2A1D1AEE00FA2A6E /* Views */,
				65B8AC8F29FFFBE60086D7B5 /* WABaseController.swift */,
			);
			path = Base;
			sourceTree = "<group>";
		};
		65B8AC9429FFFFE20086D7B5 /* OverView */ = {
			isa = PBXGroup;
			children = (
				65E225322A096C46006DC6C1 /* Views */,
				65A29B2629FBE73E00BFEC58 /* OverviewController.swift */,
			);
			path = OverView;
			sourceTree = "<group>";
		};
		65B8AC9529FFFFF20086D7B5 /* Session */ = {
			isa = PBXGroup;
			children = (
				657F8F162A226D6B0019B835 /* Views */,
				65B8AC982A0000A00086D7B5 /* SessionController.swift */,
			);
			path = Session;
			sourceTree = "<group>";
		};
		65B8AC9629FFFFFF0086D7B5 /* Progress */ = {
			isa = PBXGroup;
			children = (
				65B4423B2A3B2D4200414622 /* Views */,
				65B8AC9A2A000BEF0086D7B5 /* ProgressController.swift */,
			);
			path = Progress;
			sourceTree = "<group>";
		};
		65B8AC972A00000B0086D7B5 /* Settings */ = {
			isa = PBXGroup;
			children = (
				65B8AC9C2A000C140086D7B5 /* SettingsController.swift */,
			);
			path = Settings;
			sourceTree = "<group>";
		};
		65E225322A096C46006DC6C1 /* Views */ = {
			isa = PBXGroup;
			children = (
				65FF27692A1535C600859125 /* WeekView */,
				65E225332A096CB4006DC6C1 /* WAButton.swift */,
				6597185A2A12908600336041 /* OverviewNavBar.swift */,
			);
			path = Views;
			sourceTree = "<group>";
		};
		65FF27692A1535C600859125 /* WeekView */ = {
			isa = PBXGroup;
			children = (
				65FF276A2A1535F800859125 /* WeekView.swift */,
				65FF276C2A15380F00859125 /* WeekDayView.swift */,
			);
			path = WeekView;
			sourceTree = "<group>";
		};
/* End PBXGroup section */

/* Begin PBXNativeTarget section */
		65A29B1E29FBE73E00BFEC58 /* WorkoutApp */ = {
			isa = PBXNativeTarget;
			buildConfigurationList = 65A29B3329FBE73F00BFEC58 /* Build configuration list for PBXNativeTarget "WorkoutApp" */;
			buildPhases = (
				65A29B1B29FBE73E00BFEC58 /* Sources */,
				65A29B1C29FBE73E00BFEC58 /* Frameworks */,
				65A29B1D29FBE73E00BFEC58 /* Resources */,
			);
			buildRules = (
			);
			dependencies = (
			);
			name = WorkoutApp;
			productName = WorkoutApp;
			productReference = 65A29B1F29FBE73E00BFEC58 /* WorkoutApp.app */;
			productType = "com.apple.product-type.application";
		};
/* End PBXNativeTarget section */

/* Begin PBXProject section */
		65A29B1729FBE73E00BFEC58 /* Project object */ = {
			isa = PBXProject;
			attributes = {
				BuildIndependentTargetsInParallel = 1;
				LastSwiftUpdateCheck = 1330;
				LastUpgradeCheck = 1330;
				TargetAttributes = {
					65A29B1E29FBE73E00BFEC58 = {
						CreatedOnToolsVersion = 13.3;
					};
				};
			};
			buildConfigurationList = 65A29B1A29FBE73E00BFEC58 /* Build configuration list for PBXProject "WorkoutApp" */;
			compatibilityVersion = "Xcode 13.0";
			developmentRegion = en;
			hasScannedForEncodings = 0;
			knownRegions = (
				en,
				Base,
			);
			mainGroup = 65A29B1629FBE73E00BFEC58;
			productRefGroup = 65A29B2029FBE73E00BFEC58 /* Products */;
			projectDirPath = "";
			projectRoot = "";
			targets = (
				65A29B1E29FBE73E00BFEC58 /* WorkoutApp */,
			);
		};
/* End PBXProject section */

/* Begin PBXResourcesBuildPhase section */
		65A29B1D29FBE73E00BFEC58 /* Resources */ = {
			isa = PBXResourcesBuildPhase;
			buildActionMask = 2147483647;
			files = (
				65A29B2F29FBE73F00BFEC58 /* LaunchScreen.storyboard in Resources */,
				65A29B2C29FBE73F00BFEC58 /* Assets.xcassets in Resources */,
			);
			runOnlyForDeploymentPostprocessing = 0;
		};
/* End PBXResourcesBuildPhase section */

/* Begin PBXSourcesBuildPhase section */
		65A29B1B29FBE73E00BFEC58 /* Sources */ = {
			isa = PBXSourcesBuildPhase;
			buildActionMask = 2147483647;
			files = (
				65FF276B2A1535F800859125 /* WeekView.swift in Sources */,
				65FF276F2A15422200859125 /* Date + ext.swift in Sources */,
				65A29B2729FBE73E00BFEC58 /* OverviewController.swift in Sources */,
				65B8AC9229FFFE3F0086D7B5 /* UIView + ext.swift in Sources */,
				6597185B2A12908600336041 /* OverviewNavBar.swift in Sources */,
				65A29B3929FBEAD100BFEC58 /* TabBarController.swift in Sources */,
				65A29B2329FBE73E00BFEC58 /* AppDelegate.swift in Sources */,
				6565D1F52A39F9970045273E /* WABarView.swift in Sources */,
				65B8AC992A0000A00086D7B5 /* SessionController.swift in Sources */,
				6590F2EE2A34A01C00A9568B /* PercentView.swift in Sources */,
				65B8AC9D2A000C140086D7B5 /* SettingsController.swift in Sources */,
				650AB2602A1D1B2800FA2A6E /* WABaseInfoView.swift in Sources */,
				657F8F1B2A2270120019B835 /* TimerView.swift in Sources */,
				657F8F1D2A22703E0019B835 /* ProgressView.swift in Sources */,
				6565D1EB2A39F58E0045273E /* StepsView.swift in Sources */,
				65E225342A096CB4006DC6C1 /* WAButton.swift in Sources */,
				65B8AC9B2A000BEF0086D7B5 /* ProgressController.swift in Sources */,
				658B0CC22A38B620000E9087 /* StatsItemView.swift in Sources */,
				65B8AC8C29FFF6950086D7B5 /* NavBarController.swift in Sources */,
				65A29B4229FBFE0500BFEC58 /* Resourses.swift in Sources */,
				65A29B4029FBFAC300BFEC58 /* UIColor + ext.swift in Sources */,
				6597185D2A1290EF00336041 /* WABaseView.swift in Sources */,
				65FF276D2A15380F00859125 /* WeekDayView.swift in Sources */,
				6565D1F02A39F7270045273E /* WABarsView.swift in Sources */,
				658B0CBF2A38B5C2000E9087 /* StatsView.swift in Sources */,
				65B8AC9029FFFBE60086D7B5 /* WABaseController.swift in Sources */,
				65A29B2529FBE73E00BFEC58 /* SceneDelegate.swift in Sources */,
				65B4423E2A3B2DAD00414622 /* DailyPerfermanceView.swift in Sources */,
			);
			runOnlyForDeploymentPostprocessing = 0;
		};
/* End PBXSourcesBuildPhase section */

/* Begin PBXVariantGroup section */
		65A29B2D29FBE73F00BFEC58 /* LaunchScreen.storyboard */ = {
			isa = PBXVariantGroup;
			children = (
				65A29B2E29FBE73F00BFEC58 /* Base */,
			);
			name = LaunchScreen.storyboard;
			sourceTree = "<group>";
		};
/* End PBXVariantGroup section */

/* Begin XCBuildConfiguration section */
		65A29B3129FBE73F00BFEC58 /* Debug */ = {
			isa = XCBuildConfiguration;
			buildSettings = {
				ALWAYS_SEARCH_USER_PATHS = NO;
				CLANG_ANALYZER_NONNULL = YES;
				CLANG_ANALYZER_NUMBER_OBJECT_CONVERSION = YES_AGGRESSIVE;
				CLANG_CXX_LANGUAGE_STANDARD = "gnu++17";
				CLANG_ENABLE_MODULES = YES;
				CLANG_ENABLE_OBJC_ARC = YES;
				CLANG_ENABLE_OBJC_WEAK = YES;
				CLANG_WARN_BLOCK_CAPTURE_AUTORELEASING = YES;
				CLANG_WARN_BOOL_CONVERSION = YES;
				CLANG_WARN_COMMA = YES;
				CLANG_WARN_CONSTANT_CONVERSION = YES;
				CLANG_WARN_DEPRECATED_OBJC_IMPLEMENTATIONS = YES;
				CLANG_WARN_DIRECT_OBJC_ISA_USAGE = YES_ERROR;
				CLANG_WARN_DOCUMENTATION_COMMENTS = YES;
				CLANG_WARN_EMPTY_BODY = YES;
				CLANG_WARN_ENUM_CONVERSION = YES;
				CLANG_WARN_INFINITE_RECURSION = YES;
				CLANG_WARN_INT_CONVERSION = YES;
				CLANG_WARN_NON_LITERAL_NULL_CONVERSION = YES;
				CLANG_WARN_OBJC_IMPLICIT_RETAIN_SELF = YES;
				CLANG_WARN_OBJC_LITERAL_CONVERSION = YES;
				CLANG_WARN_OBJC_ROOT_CLASS = YES_ERROR;
				CLANG_WARN_QUOTED_INCLUDE_IN_FRAMEWORK_HEADER = YES;
				CLANG_WARN_RANGE_LOOP_ANALYSIS = YES;
				CLANG_WARN_STRICT_PROTOTYPES = YES;
				CLANG_WARN_SUSPICIOUS_MOVE = YES;
				CLANG_WARN_UNGUARDED_AVAILABILITY = YES_AGGRESSIVE;
				CLANG_WARN_UNREACHABLE_CODE = YES;
				CLANG_WARN__DUPLICATE_METHOD_MATCH = YES;
				COPY_PHASE_STRIP = NO;
				DEBUG_INFORMATION_FORMAT = dwarf;
				ENABLE_STRICT_OBJC_MSGSEND = YES;
				ENABLE_TESTABILITY = YES;
				GCC_C_LANGUAGE_STANDARD = gnu11;
				GCC_DYNAMIC_NO_PIC = NO;
				GCC_NO_COMMON_BLOCKS = YES;
				GCC_OPTIMIZATION_LEVEL = 0;
				GCC_PREPROCESSOR_DEFINITIONS = (
					"DEBUG=1",
					"$(inherited)",
				);
				GCC_WARN_64_TO_32_BIT_CONVERSION = YES;
				GCC_WARN_ABOUT_RETURN_TYPE = YES_ERROR;
				GCC_WARN_UNDECLARED_SELECTOR = YES;
				GCC_WARN_UNINITIALIZED_AUTOS = YES_AGGRESSIVE;
				GCC_WARN_UNUSED_FUNCTION = YES;
				GCC_WARN_UNUSED_VARIABLE = YES;
				IPHONEOS_DEPLOYMENT_TARGET = 15.4;
				MTL_ENABLE_DEBUG_INFO = INCLUDE_SOURCE;
				MTL_FAST_MATH = YES;
				ONLY_ACTIVE_ARCH = YES;
				SDKROOT = iphoneos;
				SWIFT_ACTIVE_COMPILATION_CONDITIONS = DEBUG;
				SWIFT_OPTIMIZATION_LEVEL = "-Onone";
			};
			name = Debug;
		};
		65A29B3229FBE73F00BFEC58 /* Release */ = {
			isa = XCBuildConfiguration;
			buildSettings = {
				ALWAYS_SEARCH_USER_PATHS = NO;
				CLANG_ANALYZER_NONNULL = YES;
				CLANG_ANALYZER_NUMBER_OBJECT_CONVERSION = YES_AGGRESSIVE;
				CLANG_CXX_LANGUAGE_STANDARD = "gnu++17";
				CLANG_ENABLE_MODULES = YES;
				CLANG_ENABLE_OBJC_ARC = YES;
				CLANG_ENABLE_OBJC_WEAK = YES;
				CLANG_WARN_BLOCK_CAPTURE_AUTORELEASING = YES;
				CLANG_WARN_BOOL_CONVERSION = YES;
				CLANG_WARN_COMMA = YES;
				CLANG_WARN_CONSTANT_CONVERSION = YES;
				CLANG_WARN_DEPRECATED_OBJC_IMPLEMENTATIONS = YES;
				CLANG_WARN_DIRECT_OBJC_ISA_USAGE = YES_ERROR;
				CLANG_WARN_DOCUMENTATION_COMMENTS = YES;
				CLANG_WARN_EMPTY_BODY = YES;
				CLANG_WARN_ENUM_CONVERSION = YES;
				CLANG_WARN_INFINITE_RECURSION = YES;
				CLANG_WARN_INT_CONVERSION = YES;
				CLANG_WARN_NON_LITERAL_NULL_CONVERSION = YES;
				CLANG_WARN_OBJC_IMPLICIT_RETAIN_SELF = YES;
				CLANG_WARN_OBJC_LITERAL_CONVERSION = YES;
				CLANG_WARN_OBJC_ROOT_CLASS = YES_ERROR;
				CLANG_WARN_QUOTED_INCLUDE_IN_FRAMEWORK_HEADER = YES;
				CLANG_WARN_RANGE_LOOP_ANALYSIS = YES;
				CLANG_WARN_STRICT_PROTOTYPES = YES;
				CLANG_WARN_SUSPICIOUS_MOVE = YES;
				CLANG_WARN_UNGUARDED_AVAILABILITY = YES_AGGRESSIVE;
				CLANG_WARN_UNREACHABLE_CODE = YES;
				CLANG_WARN__DUPLICATE_METHOD_MATCH = YES;
				COPY_PHASE_STRIP = NO;
				DEBUG_INFORMATION_FORMAT = "dwarf-with-dsym";
				ENABLE_NS_ASSERTIONS = NO;
				ENABLE_STRICT_OBJC_MSGSEND = YES;
				GCC_C_LANGUAGE_STANDARD = gnu11;
				GCC_NO_COMMON_BLOCKS = YES;
				GCC_WARN_64_TO_32_BIT_CONVERSION = YES;
				GCC_WARN_ABOUT_RETURN_TYPE = YES_ERROR;
				GCC_WARN_UNDECLARED_SELECTOR = YES;
				GCC_WARN_UNINITIALIZED_AUTOS = YES_AGGRESSIVE;
				GCC_WARN_UNUSED_FUNCTION = YES;
				GCC_WARN_UNUSED_VARIABLE = YES;
				IPHONEOS_DEPLOYMENT_TARGET = 15.4;
				MTL_ENABLE_DEBUG_INFO = NO;
				MTL_FAST_MATH = YES;
				SDKROOT = iphoneos;
				SWIFT_COMPILATION_MODE = wholemodule;
				SWIFT_OPTIMIZATION_LEVEL = "-O";
				VALIDATE_PRODUCT = YES;
			};
			name = Release;
		};
		65A29B3429FBE73F00BFEC58 /* Debug */ = {
			isa = XCBuildConfiguration;
			buildSettings = {
				ASSETCATALOG_COMPILER_APPICON_NAME = AppIcon;
				ASSETCATALOG_COMPILER_GLOBAL_ACCENT_COLOR_NAME = AccentColor;
				CODE_SIGN_STYLE = Automatic;
				CURRENT_PROJECT_VERSION = 1;
				DEVELOPMENT_TEAM = CR42FW4423;
				GENERATE_INFOPLIST_FILE = YES;
				INFOPLIST_FILE = WorkoutApp/SupportingFiles/Info.plist;
				INFOPLIST_KEY_UIApplicationSupportsIndirectInputEvents = YES;
				INFOPLIST_KEY_UILaunchStoryboardName = LaunchScreen;
				INFOPLIST_KEY_UISupportedInterfaceOrientations = UIInterfaceOrientationPortrait;
				INFOPLIST_KEY_UISupportedInterfaceOrientations_iPad = "UIInterfaceOrientationPortrait UIInterfaceOrientationPortraitUpsideDown UIInterfaceOrientationLandscapeLeft UIInterfaceOrientationLandscapeRight";
				INFOPLIST_KEY_UISupportedInterfaceOrientations_iPhone = "UIInterfaceOrientationPortrait UIInterfaceOrientationLandscapeLeft UIInterfaceOrientationLandscapeRight";
				LD_RUNPATH_SEARCH_PATHS = (
					"$(inherited)",
					"@executable_path/Frameworks",
				);
				MARKETING_VERSION = 1.0;
				PRODUCT_BUNDLE_IDENTIFIER = f.WorkoutApp;
				PRODUCT_NAME = "$(TARGET_NAME)";
				SWIFT_EMIT_LOC_STRINGS = YES;
				SWIFT_VERSION = 5.0;
				TARGETED_DEVICE_FAMILY = 1;
			};
			name = Debug;
		};
		65A29B3529FBE73F00BFEC58 /* Release */ = {
			isa = XCBuildConfiguration;
			buildSettings = {
				ASSETCATALOG_COMPILER_APPICON_NAME = AppIcon;
				ASSETCATALOG_COMPILER_GLOBAL_ACCENT_COLOR_NAME = AccentColor;
				CODE_SIGN_STYLE = Automatic;
				CURRENT_PROJECT_VERSION = 1;
				DEVELOPMENT_TEAM = CR42FW4423;
				GENERATE_INFOPLIST_FILE = YES;
				INFOPLIST_FILE = WorkoutApp/SupportingFiles/Info.plist;
				INFOPLIST_KEY_UIApplicationSupportsIndirectInputEvents = YES;
				INFOPLIST_KEY_UILaunchStoryboardName = LaunchScreen;
				INFOPLIST_KEY_UISupportedInterfaceOrientations = UIInterfaceOrientationPortrait;
				INFOPLIST_KEY_UISupportedInterfaceOrientations_iPad = "UIInterfaceOrientationPortrait UIInterfaceOrientationPortraitUpsideDown UIInterfaceOrientationLandscapeLeft UIInterfaceOrientationLandscapeRight";
				INFOPLIST_KEY_UISupportedInterfaceOrientations_iPhone = "UIInterfaceOrientationPortrait UIInterfaceOrientationLandscapeLeft UIInterfaceOrientationLandscapeRight";
				LD_RUNPATH_SEARCH_PATHS = (
					"$(inherited)",
					"@executable_path/Frameworks",
				);
				MARKETING_VERSION = 1.0;
				PRODUCT_BUNDLE_IDENTIFIER = f.WorkoutApp;
				PRODUCT_NAME = "$(TARGET_NAME)";
				SWIFT_EMIT_LOC_STRINGS = YES;
				SWIFT_VERSION = 5.0;
				TARGETED_DEVICE_FAMILY = 1;
			};
			name = Release;
		};
/* End XCBuildConfiguration section */

/* Begin XCConfigurationList section */
		65A29B1A29FBE73E00BFEC58 /* Build configuration list for PBXProject "WorkoutApp" */ = {
			isa = XCConfigurationList;
			buildConfigurations = (
				65A29B3129FBE73F00BFEC58 /* Debug */,
				65A29B3229FBE73F00BFEC58 /* Release */,
			);
			defaultConfigurationIsVisible = 0;
			defaultConfigurationName = Release;
		};
		65A29B3329FBE73F00BFEC58 /* Build configuration list for PBXNativeTarget "WorkoutApp" */ = {
			isa = XCConfigurationList;
			buildConfigurations = (
				65A29B3429FBE73F00BFEC58 /* Debug */,
				65A29B3529FBE73F00BFEC58 /* Release */,
			);
			defaultConfigurationIsVisible = 0;
			defaultConfigurationName = Release;
		};
/* End XCConfigurationList section */
	};
	rootObject = 65A29B1729FBE73E00BFEC58 /* Project object */;
}
